{
  "version": 4,
  "terraform_version": "1.15.2",
  "serial": 20,
  "lineage": "60afe7a2-7f10-df84-8074-f32354d8f5dc",
  "outputs": {},
  "resources": [
    {
      "mode": "managed",
      "type": "local_file",
      "name": "demofile",
      "provider": "provider[\"registry.terraform.io/hashicorp/local\"]",
      "instances": [
        {
          "schema_version": 0,
          "attributes": {
            "content": "this is my first HCL program. Check and tell me how is this",
            "content_base64": null,
            "content_base64sha256": "GXZVjUQIZF1/HxIW322QVGFv8rGCUrxHsneOn0Mtw+M=",
            "content_base64sha512": "S90niKUunoyQvZJZiV6qt6nu7cN5TOdCcIQTWRJGlyazb0Em7pvTj8mygbBBMYxKda11O4lTbdBAU7WUdyWirQ==",
            "content_md5": "e9cfef42f28ca76afe4834d857b8d8e2",
            "content_sha1": "a8bdcb72bc8d412282b90815bae734edad2f79ae",
            "content_sha256": "1976558d4408645d7f1f1216df6d9054616ff2b18252bc47b2778e9f432dc3e3",
            "content_sha512": "4bdd2788a52e9e8c90bd9259895eaab7a9eeedc3794ce7427084135912469726b36f4126ee9bd38fc9b281b041318c4a75ad753b89536dd04053b5947725a2ad",
            "directory_permission": "0777",
            "file_permission": "0777",
            "filename": "demo.txt",
            "id": "a8bdcb72bc8d412282b90815bae734edad2f79ae",
            "sensitive_content": null,
            "source": null
          },
          "sensitive_attributes": [
            [
              {
                "type": "get_attr",
                "value": "sensitive_content"
              }
            ]
          ],
          "identity_schema_version": 0
        }
      ]
    },
    {
      "mode": "managed",
      "type": "local_file",
      "name": "env",
      "provider": "provider[\"registry.terraform.io/hashicorp/local\"]",
      "instances": [
        {
          "schema_version": 0,
          "attributes": {
            "content": "this is development related file",
            "content_base64": null,
            "content_base64sha256": "j3TtbiTV0sV3FOWczStV0o3rD5bT8lTUwWHz4gI5uSI=",
            "content_base64sha512": "1f4PeOuDnbd1A6y0f9TcKT057ATdYNi2HywahJdCCatKeI5WuVcjyA5t5WKbIJ7hTYpWHNt4IPCT/YFzAbdhog==",
            "content_md5": "bf05351ca7ada58673a91bc0047a9e4b",
            "content_sha1": "5547912c60c6b7e6ce680d58c136e455e5848214",
            "content_sha256": "8f74ed6e24d5d2c57714e59ccd2b55d28deb0f96d3f254d4c161f3e20239b922",
            "content_sha512": "d5fe0f78eb839db77503acb47fd4dc293d39ec04dd60d8b61f2c1a84974209ab4a788e56b95723c80e6de5629b209ee14d8a561cdb7820f093fd817301b761a2",
            "directory_permission": "0777",
            "file_permission": "0777",
            "filename": "devfile.txt",
            "id": "5547912c60c6b7e6ce680d58c136e455e5848214",
            "sensitive_content": null,
            "source": null
          },
          "sensitive_attributes": [
            [
              {
                "type": "get_attr",
                "value": "sensitive_content"
              }
            ]
          ],
          "identity_schema_version": 0
        }
      ]
    },
    {
      "mode": "managed",
      "type": "local_file",
      "name": "source",
      "provider": "provider[\"registry.terraform.io/hashicorp/local\"]",
      "instances": [
        {
          "schema_version": 0,
          "attributes": {
            "content": "this is source file",
            "content_base64": null,
            "content_base64sha256": "QSz9JYfu54wUAAPMHDabloS5RkwSQbl5GdjbgTpL6IA=",
            "content_base64sha512": "80fgYEDNypGspoUl+0DeluEz6RdM28Z9EaEgZjJK8wyzQG2re0KxpAcvU1Su6czHM6Tpu0uckRDBJWG6sXge/A==",
            "content_md5": "87ba483fe4ebb7fbdd72d1e160ad963d",
            "content_sha1": "467e7a98e93231ea45028638b49d909d00bcaeaf",
            "content_sha256": "412cfd2587eee78c140003cc1c369b9684b9464c1241b97919d8db813a4be880",
            "content_sha512": "f347e06040cdca91aca68525fb40de96e133e9174cdbc67d11a12066324af30cb3406dab7b42b1a4072f5354aee9ccc733a4e9bb4b9c9110c12561bab1781efc",
            "directory_permission": "0777",
            "file_permission": "0777",
            "filename": "source_file.txt",
            "id": "467e7a98e93231ea45028638b49d909d00bcaeaf",
            "sensitive_content": null,
            "source": null
          },
          "sensitive_attributes": [
            [
              {
                "type": "get_attr",
                "value": "sensitive_content"
              }
            ]
          ],
          "identity_schema_version": 0
        }
      ]
    }
  ],
  "check_results": [
    {
      "object_kind": "var",
      "config_addr": "var.source_file",
      "status": "pass",
      "objects": [
        {
          "object_addr": "var.source_file",
          "status": "pass"
        }
      ]
    },
    {
      "object_kind": "var",
      "config_addr": "var.env_file",
      "status": "pass",
      "objects": [
        {
          "object_addr": "var.env_file",
          "status": "pass"
        }
      ]
    }
  ]
}
