{
  "version": 4,
  "terraform_version": "1.15.2",
  "serial": 17,
  "lineage": "60afe7a2-7f10-df84-8074-f32354d8f5dc",
  "outputs": {},
  "resources": [
    {
      "mode": "managed",
      "type": "local_file",
      "name": "demofile",
      "provider": "provider[\"registry.terraform.io/hashicorp/local\"]",
      "instances": [
        {
          "schema_version": 0,
          "attributes": {
            "content": "this is my first HCL program. Check and tell me how is this",
            "content_base64": null,
            "content_base64sha256": "GXZVjUQIZF1/HxIW322QVGFv8rGCUrxHsneOn0Mtw+M=",
            "content_base64sha512": "S90niKUunoyQvZJZiV6qt6nu7cN5TOdCcIQTWRJGlyazb0Em7pvTj8mygbBBMYxKda11O4lTbdBAU7WUdyWirQ==",
            "content_md5": "e9cfef42f28ca76afe4834d857b8d8e2",
            "content_sha1": "a8bdcb72bc8d412282b90815bae734edad2f79ae",
            "content_sha256": "1976558d4408645d7f1f1216df6d9054616ff2b18252bc47b2778e9f432dc3e3",
            "content_sha512": "4bdd2788a52e9e8c90bd9259895eaab7a9eeedc3794ce7427084135912469726b36f4126ee9bd38fc9b281b041318c4a75ad753b89536dd04053b5947725a2ad",
            "directory_permission": "0777",
            "file_permission": "0777",
            "filename": "demo.txt",
            "id": "a8bdcb72bc8d412282b90815bae734edad2f79ae",
            "sensitive_content": null,
            "source": null
          },
          "sensitive_attributes": [
            [
              {
                "type": "get_attr",
                "value": "sensitive_content"
              }
            ]
          ],
          "identity_schema_version": 0
        }
      ]
    }
  ],
  "check_results": null
}
